// !$*UTF8*$!
{
	archiveVersion = 1;
	classes = {
	};
	objectVersion = 46;
	objects = {

/* Begin PBXBuildFile section */
		B13EDFA81DEB571F00884142 /* AppDelegate.swift in Sources */ = {isa = PBXBuildFile; fileRef = B13EDFA71DEB571F00884142 /* AppDelegate.swift */; };
		B13EDFAA1DEB571F00884142 /* ViewController.swift in Sources */ = {isa = PBXBuildFile; fileRef = B13EDFA91DEB571F00884142 /* ViewController.swift */; };
		B13EDFAD1DEB571F00884142 /* Main.storyboard in Resources */ = {isa = PBXBuildFile; fileRef = B13EDFAB1DEB571F00884142 /* Main.storyboard */; };
		B13EDFB21DEB571F00884142 /* Assets.xcassets in Resources */ = {isa = PBXBuildFile; fileRef = B13EDFB11DEB571F00884142 /* Assets.xcassets */; };
		B13EDFB51DEB571F00884142 /* LaunchScreen.storyboard in Resources */ = {isa = PBXBuildFile; fileRef = B13EDFB31DEB571F00884142 /* LaunchScreen.storyboard */; };
		B14BA0151DEB5BBC00806B52 /* JewelryTrader.xcdatamodeld in Sources */ = {isa = PBXBuildFile; fileRef = B14BA0131DEB5BBC00806B52 /* JewelryTrader.xcdatamodeld */; };
/* End PBXBuildFile section */

/* Begin PBXFileReference section */
		B13EDFA41DEB571F00884142 /* JewelryTrader.app */ = {isa = PBXFileReference; explicitFileType = wrapper.application; includeInIndex = 0; path = JewelryTrader.app; sourceTree = BUILT_PRODUCTS_DIR; };
		B13EDFA71DEB571F00884142 /* AppDelegate.swift */ = {isa = PBXFileReference; lastKnownFileType = sourcecode.swift; path = AppDelegate.swift; sourceTree = "<group>"; };
		B13EDFA91DEB571F00884142 /* ViewController.swift */ = {isa = PBXFileReference; lastKnownFileType = sourcecode.swift; path = ViewController.swift; sourceTree = "<group>"; };
		B13EDFAC1DEB571F00884142 /* Base */ = {isa = PBXFileReference; lastKnownFileType = file.storyboard; name = Base; path = Base.lproj/Main.storyboard; sourceTree = "<group>"; };
		B13EDFB11DEB571F00884142 /* Assets.xcassets */ = {isa = PBXFileReference; lastKnownFileType = folder.assetcatalog; path = Assets.xcassets; sourceTree = "<group>"; };
		B13EDFB41DEB571F00884142 /* Base */ = {isa = PBXFileReference; lastKnownFileType = file.storyboard; name = Base; path = Base.lproj/LaunchScreen.storyboard; sourceTree = "<group>"; };
		B13EDFB61DEB571F00884142 /* Info.plist */ = {isa = PBXFileReference; lastKnownFileType = text.plist.xml; path = Info.plist; sourceTree = "<group>"; };
		B14BA0141DEB5BBC00806B52 /* JewelryTrader.xcdatamodel */ = {isa = PBXFileReference; lastKnownFileType = wrapper.xcdatamodel; path = JewelryTrader.xcdatamodel; sourceTree = "<group>"; };
/* End PBXFileReference section */

/* Begin PBXFrameworksBuildPhase section */
		B13EDFA11DEB571F00884142 /* Frameworks */ = {
			isa = PBXFrameworksBuildPhase;
			buildActionMask = 2147483647;
			files = (
			);
			runOnlyForDeploymentPostprocessing = 0;
		};
/* End PBXFrameworksBuildPhase section */

/* Begin PBXGroup section */
		B13EDF9B1DEB571F00884142 = {
			isa = PBXGroup;
			children = (
				B13EDFA61DEB571F00884142 /* JewelryTrader */,
				B13EDFA51DEB571F00884142 /* Products */,
			);
			sourceTree = "<group>";
		};
		B13EDFA51DEB571F00884142 /* Products */ = {
			isa = PBXGroup;
			children = (
				B13EDFA41DEB571F00884142 /* JewelryTrader.app */,
			);
			name = Products;
			sourceTree = "<group>";
		};
		B13EDFA61DEB571F00884142 /* JewelryTrader */ = {
			isa = PBXGroup;
			children = (
				B14BA0131DEB5BBC00806B52 /* JewelryTrader.xcdatamodeld */,
				B13EDFA71DEB571F00884142 /* AppDelegate.swift */,
				B13EDFA91DEB571F00884142 /* ViewController.swift */,
				B13EDFAB1DEB571F00884142 /* Main.storyboard */,
				B13EDFB11DEB571F00884142 /* Assets.xcassets */,
				B13EDFB31DEB571F00884142 /* LaunchScreen.storyboard */,
				B13EDFB61DEB571F00884142 /* Info.plist */,
			);
			path = JewelryTrader;
			sourceTree = "<group>";
		};
/* End PBXGroup section */

/* Begin PBXNativeTarget section */
		B13EDFA31DEB571F00884142 /* JewelryTrader */ = {
			isa = PBXNativeTarget;
			buildConfigurationList = B13EDFB91DEB571F00884142 /* Build configuration list for PBXNativeTarget "JewelryTrader" */;
			buildPhases = (
				B13EDFA01DEB571F00884142 /* Sources */,
				B13EDFA11DEB571F00884142 /* Frameworks */,
				B13EDFA21DEB571F00884142 /* Resources */,
			);
			buildRules = (
			);
			dependencies = (
			);
			name = JewelryTrader;
			productName = JewelryTrader;
			productReference = B13EDFA41DEB571F00884142 /* JewelryTrader.app */;
			productType = "com.apple.product-type.application";
		};
/* End PBXNativeTarget section */

/* Begin PBXProject section */
		B13EDF9C1DEB571F00884142 /* Project object */ = {
			isa = PBXProject;
			attributes = {
				LastSwiftUpdateCheck = 0810;
				LastUpgradeCheck = 0810;
				ORGANIZATIONNAME = "Daniel Slupskiy";
				TargetAttributes = {
					B13EDFA31DEB571F00884142 = {
						CreatedOnToolsVersion = 8.1;
						DevelopmentTeam = BD5CJ8U5EG;
						ProvisioningStyle = Automatic;
					};
				};
			};
			buildConfigurationList = B13EDF9F1DEB571F00884142 /* Build configuration list for PBXProject "JewelryTrader" */;
			compatibilityVersion = "Xcode 3.2";
			developmentRegion = English;
			hasScannedForEncodings = 0;
			knownRegions = (
				en,
				Base,
			);
			mainGroup = B13EDF9B1DEB571F00884142;
			productRefGroup = B13EDFA51DEB571F00884142 /* Products */;
			projectDirPath = "";
			projectRoot = "";
			targets = (
				B13EDFA31DEB571F00884142 /* JewelryTrader */,
			);
		};
/* End PBXProject section */

/* Begin PBXResourcesBuildPhase section */
		B13EDFA21DEB571F00884142 /* Resources */ = {
			isa = PBXResourcesBuildPhase;
			buildActionMask = 2147483647;
			files = (
				B13EDFB51DEB571F00884142 /* LaunchScreen.storyboard in Resources */,
				B13EDFB21DEB571F00884142 /* Assets.xcassets in Resources */,
				B13EDFAD1DEB571F00884142 /* Main.storyboard in Resources */,
			);
			runOnlyForDeploymentPostprocessing = 0;
		};
/* End PBXResourcesBuildPhase section */

/* Begin PBXSourcesBuildPhase section */
		B13EDFA01DEB571F00884142 /* Sources */ = {
			isa = PBXSourcesBuildPhase;
			buildActionMask = 2147483647;
			files = (
				B13EDFAA1DEB571F00884142 /* ViewController.swift in Sources */,
				B14BA0151DEB5BBC00806B52 /* JewelryTrader.xcdatamodeld in Sources */,
				B13EDFA81DEB571F00884142 /* AppDelegate.swift in Sources */,
			);
			runOnlyForDeploymentPostprocessing = 0;
		};
/* End PBXSourcesBuildPhase section */

/* Begin PBXVariantGroup section */
		B13EDFAB1DEB571F00884142 /* Main.storyboard */ = {
			isa = PBXVariantGroup;
			children = (
				B13EDFAC1DEB571F00884142 /* Base */,
			);
			name = Main.storyboard;
			sourceTree = "<group>";
		};
		B13EDFB31DEB571F00884142 /* LaunchScreen.storyboard */ = {
			isa = PBXVariantGroup;
			children = (
				B13EDFB41DEB571F00884142 /* Base */,
			);
			name = LaunchScreen.storyboard;
			sourceTree = "<group>";
		};
/* End PBXVariantGroup section */

/* Begin XCBuildConfiguration section */
		B13EDFB71DEB571F00884142 /* Debug */ = {
			isa = XCBuildConfiguration;
			buildSettings = {
				ALWAYS_SEARCH_USER_PATHS = NO;
				CLANG_ANALYZER_NONNULL = YES;
				CLANG_CXX_LANGUAGE_STANDARD = "gnu++0x";
				CLANG_CXX_LIBRARY = "libc++";
				CLANG_ENABLE_MODULES = YES;
				CLANG_ENABLE_OBJC_ARC = YES;
				CLANG_WARN_BOOL_CONVERSION = YES;
				CLANG_WARN_CONSTANT_CONVERSION = YES;
				CLANG_WARN_DIRECT_OBJC_ISA_USAGE = YES_ERROR;
				CLANG_WARN_DOCUMENTATION_COMMENTS = YES;
				CLANG_WARN_EMPTY_BODY = YES;
				CLANG_WARN_ENUM_CONVERSION = YES;
				CLANG_WARN_INFINITE_RECURSION = YES;
				CLANG_WARN_INT_CONVERSION = YES;
				CLANG_WARN_OBJC_ROOT_CLASS = YES_ERROR;
				CLANG_WARN_SUSPICIOUS_MOVES = YES;
				CLANG_WARN_UNREACHABLE_CODE = YES;
				CLANG_WARN__DUPLICATE_METHOD_MATCH = YES;
				"CODE_SIGN_IDENTITY[sdk=iphoneos*]" = "iPhone Developer";
				COPY_PHASE_STRIP = NO;
				DEBUG_INFORMATION_FORMAT = dwarf;
				ENABLE_STRICT_OBJC_MSGSEND = YES;
				ENABLE_TESTABILITY = YES;
				GCC_C_LANGUAGE_STANDARD = gnu99;
				GCC_DYNAMIC_NO_PIC = NO;
				GCC_NO_COMMON_BLOCKS = YES;
				GCC_OPTIMIZATION_LEVEL = 0;
				GCC_PREPROCESSOR_DEFINITIONS = (
					"DEBUG=1",
					"$(inherited)",
				);
				GCC_WARN_64_TO_32_BIT_CONVERSION = YES;
				GCC_WARN_ABOUT_RETURN_TYPE = YES_ERROR;
				GCC_WARN_UNDECLARED_SELECTOR = YES;
				GCC_WARN_UNINITIALIZED_AUTOS = YES_AGGRESSIVE;
				GCC_WARN_UNUSED_FUNCTION = YES;
				GCC_WARN_UNUSED_VARIABLE = YES;
				IPHONEOS_DEPLOYMENT_TARGET = 10.1;
				MTL_ENABLE_DEBUG_INFO = YES;
				ONLY_ACTIVE_ARCH = YES;
				SDKROOT = iphoneos;
				SWIFT_ACTIVE_COMPILATION_CONDITIONS = DEBUG;
				SWIFT_OPTIMIZATION_LEVEL = "-Onone";
				TARGETED_DEVICE_FAMILY = "1,2";
			};
			name = Debug;
		};
		B13EDFB81DEB571F00884142 /* Release */ = {
			isa = XCBuildConfiguration;
			buildSettings = {
				ALWAYS_SEARCH_USER_PATHS = NO;
				CLANG_ANALYZER_NONNULL = YES;
				CLANG_CXX_LANGUAGE_STANDARD = "gnu++0x";
				CLANG_CXX_LIBRARY = "libc++";
				CLANG_ENABLE_MODULES = YES;
				CLANG_ENABLE_OBJC_ARC = YES;
				CLANG_WARN_BOOL_CONVERSION = YES;
				CLANG_WARN_CONSTANT_CONVERSION = YES;
				CLANG_WARN_DIRECT_OBJC_ISA_USAGE = YES_ERROR;
				CLANG_WARN_DOCUMENTATION_COMMENTS = YES;
				CLANG_WARN_EMPTY_BODY = YES;
				CLANG_WARN_ENUM_CONVERSION = YES;
				CLANG_WARN_INFINITE_RECURSION = YES;
				CLANG_WARN_INT_CONVERSION = YES;
				CLANG_WARN_OBJC_ROOT_CLASS = YES_ERROR;
				CLANG_WARN_SUSPICIOUS_MOVES = YES;
				CLANG_WARN_UNREACHABLE_CODE = YES;
				CLANG_WARN__DUPLICATE_METHOD_MATCH = YES;
				"CODE_SIGN_IDENTITY[sdk=iphoneos*]" = "iPhone Developer";
				COPY_PHASE_STRIP = NO;
				DEBUG_INFORMATION_FORMAT = "dwarf-with-dsym";
				ENABLE_NS_ASSERTIONS = NO;
				ENABLE_STRICT_OBJC_MSGSEND = YES;
				GCC_C_LANGUAGE_STANDARD = gnu99;
				GCC_NO_COMMON_BLOCKS = YES;
				GCC_WARN_64_TO_32_BIT_CONVERSION = YES;
				GCC_WARN_ABOUT_RETURN_TYPE = YES_ERROR;
				GCC_WARN_UNDECLARED_SELECTOR = YES;
				GCC_WARN_UNINITIALIZED_AUTOS = YES_AGGRESSIVE;
				GCC_WARN_UNUSED_FUNCTION = YES;
				GCC_WARN_UNUSED_VARIABLE = YES;
				IPHONEOS_DEPLOYMENT_TARGET = 10.1;
				MTL_ENABLE_DEBUG_INFO = NO;
				SDKROOT = iphoneos;
				SWIFT_OPTIMIZATION_LEVEL = "-Owholemodule";
				TARGETED_DEVICE_FAMILY = "1,2";
				VALIDATE_PRODUCT = YES;
			};
			name = Release;
		};
		B13EDFBA1DEB571F00884142 /* Debug */ = {
			isa = XCBuildConfiguration;
			buildSettings = {
				ASSETCATALOG_COMPILER_APPICON_NAME = AppIcon;
				DEVELOPMENT_TEAM = BD5CJ8U5EG;
				INFOPLIST_FILE = JewelryTrader/Info.plist;
				LD_RUNPATH_SEARCH_PATHS = "$(inherited) @executable_path/Frameworks";
				PRODUCT_BUNDLE_IDENTIFIER = dos.JewelryTrader;
				PRODUCT_NAME = "$(TARGET_NAME)";
				SWIFT_VERSION = 3.0;
			};
			name = Debug;
		};
		B13EDFBB1DEB571F00884142 /* Release */ = {
			isa = XCBuildConfiguration;
			buildSettings = {
				ASSETCATALOG_COMPILER_APPICON_NAME = AppIcon;
				DEVELOPMENT_TEAM = BD5CJ8U5EG;
				INFOPLIST_FILE = JewelryTrader/Info.plist;
				LD_RUNPATH_SEARCH_PATHS = "$(inherited) @executable_path/Frameworks";
				PRODUCT_BUNDLE_IDENTIFIER = dos.JewelryTrader;
				PRODUCT_NAME = "$(TARGET_NAME)";
				SWIFT_VERSION = 3.0;
			};
			name = Release;
		};
/* End XCBuildConfiguration section */

/* Begin XCConfigurationList section */
		B13EDF9F1DEB571F00884142 /* Build configuration list for PBXProject "JewelryTrader" */ = {
			isa = XCConfigurationList;
			buildConfigurations = (
				B13EDFB71DEB571F00884142 /* Debug */,
				B13EDFB81DEB571F00884142 /* Release */,
			);
			defaultConfigurationIsVisible = 0;
			defaultConfigurationName = Release;
		};
		B13EDFB91DEB571F00884142 /* Build configuration list for PBXNativeTarget "JewelryTrader" */ = {
			isa = XCConfigurationList;
			buildConfigurations = (
				B13EDFBA1DEB571F00884142 /* Debug */,
				B13EDFBB1DEB571F00884142 /* Release */,
			);
			defaultConfigurationIsVisible = 0;
			defaultConfigurationName = Release;
		};
/* End XCConfigurationList section */

/* Begin XCVersionGroup section */
		B14BA0131DEB5BBC00806B52 /* JewelryTrader.xcdatamodeld */ = {
			isa = XCVersionGroup;
			children = (
				B14BA0141DEB5BBC00806B52 /* JewelryTrader.xcdatamodel */,
			);
			currentVersion = B14BA0141DEB5BBC00806B52 /* JewelryTrader.xcdatamodel */;
			path = JewelryTrader.xcdatamodeld;
			sourceTree = "<group>";
			versionGroupType = wrapper.xcdatamodel;
		};
/* End XCVersionGroup section */
	};
	rootObject = B13EDF9C1DEB571F00884142 /* Project object */;
}
