// !$*UTF8*$!
{
	archiveVersion = 1;
	classes = {
	};
	objectVersion = 46;
	objects = {

/* Begin PBXBuildFile section */
		B1108E381DECA935000FD126 /* InsertionsTableViewController.swift in Sources */ = {isa = PBXBuildFile; fileRef = B1108E361DECA935000FD126 /* InsertionsTableViewController.swift */; };
		B1108E391DECA935000FD126 /* InsertionViewController.swift in Sources */ = {isa = PBXBuildFile; fileRef = B1108E371DECA935000FD126 /* InsertionViewController.swift */; };
		B1108E401DECBFD9000FD126 /* SalesTableViewController.swift in Sources */ = {isa = PBXBuildFile; fileRef = B1108E3E1DECBFD9000FD126 /* SalesTableViewController.swift */; };
		B1108E411DECBFD9000FD126 /* SaleViewController.swift in Sources */ = {isa = PBXBuildFile; fileRef = B1108E3F1DECBFD9000FD126 /* SaleViewController.swift */; };
		B1108E431DECCA5D000FD126 /* ProductFilter.swift in Sources */ = {isa = PBXBuildFile; fileRef = B1108E421DECCA5D000FD126 /* ProductFilter.swift */; };
		B12A7A891DECD6800036F2BE /* ProductViewController.swift in Sources */ = {isa = PBXBuildFile; fileRef = B12A7A881DECD6800036F2BE /* ProductViewController.swift */; };
		B12A7A8F1DECE43E0036F2BE /* ProductFilterViewController.swift in Sources */ = {isa = PBXBuildFile; fileRef = B12A7A8E1DECE43E0036F2BE /* ProductFilterViewController.swift */; };
		B1311DFA1DEBEF0D00ECAB4B /* MetalContentTableViewController.swift in Sources */ = {isa = PBXBuildFile; fileRef = B1311DF81DEBEF0D00ECAB4B /* MetalContentTableViewController.swift */; };
		B1311DFB1DEBEF0D00ECAB4B /* MetalContentViewController.swift in Sources */ = {isa = PBXBuildFile; fileRef = B1311DF91DEBEF0D00ECAB4B /* MetalContentViewController.swift */; };
		B1311E011DEBF2A500ECAB4B /* ColorTableViewController.swift in Sources */ = {isa = PBXBuildFile; fileRef = B1311DFD1DEBF2A500ECAB4B /* ColorTableViewController.swift */; };
		B1311E021DEBF2A500ECAB4B /* ColorViewController.swift in Sources */ = {isa = PBXBuildFile; fileRef = B1311DFE1DEBF2A500ECAB4B /* ColorViewController.swift */; };
		B1311E091DEBF4C100ECAB4B /* InsertionTypeTableViewController.swift in Sources */ = {isa = PBXBuildFile; fileRef = B1311E071DEBF4C100ECAB4B /* InsertionTypeTableViewController.swift */; };
		B1311E0A1DEBF4C100ECAB4B /* InsertionTypeViewController.swift in Sources */ = {isa = PBXBuildFile; fileRef = B1311E081DEBF4C100ECAB4B /* InsertionTypeViewController.swift */; };
		B1311E171DEBF83E00ECAB4B /* ProvidersTableViewController.swift in Sources */ = {isa = PBXBuildFile; fileRef = B1311E151DEBF83E00ECAB4B /* ProvidersTableViewController.swift */; };
		B1311E181DEBF83E00ECAB4B /* ProviderViewController.swift in Sources */ = {isa = PBXBuildFile; fileRef = B1311E161DEBF83E00ECAB4B /* ProviderViewController.swift */; };
		B1311E1B1DEBFCEB00ECAB4B /* CustomersTableViewController.swift in Sources */ = {isa = PBXBuildFile; fileRef = B1311E191DEBFCEB00ECAB4B /* CustomersTableViewController.swift */; };
		B1311E1C1DEBFCEB00ECAB4B /* CustomerViewController.swift in Sources */ = {isa = PBXBuildFile; fileRef = B1311E1A1DEBFCEB00ECAB4B /* CustomerViewController.swift */; };
		B15427221DED54DD00585C14 /* SortableDictionaries.swift in Sources */ = {isa = PBXBuildFile; fileRef = B15427211DED54DD00585C14 /* SortableDictionaries.swift */; };
		B197D59F1DEBCD660067F866 /* ProductType+CoreDataProperties.swift in Sources */ = {isa = PBXBuildFile; fileRef = B197D5891DEBCD660067F866 /* ProductType+CoreDataProperties.swift */; };
		B197D5A01DEBCD660067F866 /* ProductType.swift in Sources */ = {isa = PBXBuildFile; fileRef = B197D58A1DEBCD660067F866 /* ProductType.swift */; };
		B197D5A11DEBCD660067F866 /* MetalContent+CoreDataProperties.swift in Sources */ = {isa = PBXBuildFile; fileRef = B197D58B1DEBCD660067F866 /* MetalContent+CoreDataProperties.swift */; };
		B197D5A21DEBCD660067F866 /* MetalContent.swift in Sources */ = {isa = PBXBuildFile; fileRef = B197D58C1DEBCD660067F866 /* MetalContent.swift */; };
		B197D5A31DEBCD660067F866 /* Provider+CoreDataProperties.swift in Sources */ = {isa = PBXBuildFile; fileRef = B197D58D1DEBCD660067F866 /* Provider+CoreDataProperties.swift */; };
		B197D5A41DEBCD660067F866 /* Provider.swift in Sources */ = {isa = PBXBuildFile; fileRef = B197D58E1DEBCD660067F866 /* Provider.swift */; };
		B197D5A51DEBCD660067F866 /* Color+CoreDataProperties.swift in Sources */ = {isa = PBXBuildFile; fileRef = B197D58F1DEBCD660067F866 /* Color+CoreDataProperties.swift */; };
		B197D5A61DEBCD660067F866 /* Color.swift in Sources */ = {isa = PBXBuildFile; fileRef = B197D5901DEBCD660067F866 /* Color.swift */; };
		B197D5A71DEBCD660067F866 /* Sale+CoreDataProperties.swift in Sources */ = {isa = PBXBuildFile; fileRef = B197D5911DEBCD660067F866 /* Sale+CoreDataProperties.swift */; };
		B197D5A81DEBCD660067F866 /* Sale.swift in Sources */ = {isa = PBXBuildFile; fileRef = B197D5921DEBCD660067F866 /* Sale.swift */; };
		B197D5A91DEBCD660067F866 /* Insertion+CoreDataProperties.swift in Sources */ = {isa = PBXBuildFile; fileRef = B197D5931DEBCD660067F866 /* Insertion+CoreDataProperties.swift */; };
		B197D5AA1DEBCD660067F866 /* Insertion.swift in Sources */ = {isa = PBXBuildFile; fileRef = B197D5941DEBCD660067F866 /* Insertion.swift */; };
		B197D5AB1DEBCD660067F866 /* InsertionType+CoreDataProperties.swift in Sources */ = {isa = PBXBuildFile; fileRef = B197D5951DEBCD660067F866 /* InsertionType+CoreDataProperties.swift */; };
		B197D5AC1DEBCD660067F866 /* InsertionType.swift in Sources */ = {isa = PBXBuildFile; fileRef = B197D5961DEBCD660067F866 /* InsertionType.swift */; };
		B197D5AD1DEBCD660067F866 /* MetalType+CoreDataProperties.swift in Sources */ = {isa = PBXBuildFile; fileRef = B197D5971DEBCD660067F866 /* MetalType+CoreDataProperties.swift */; };
		B197D5AE1DEBCD660067F866 /* MetalType.swift in Sources */ = {isa = PBXBuildFile; fileRef = B197D5981DEBCD660067F866 /* MetalType.swift */; };
		B197D5AF1DEBCD660067F866 /* Photo+CoreDataProperties.swift in Sources */ = {isa = PBXBuildFile; fileRef = B197D5991DEBCD660067F866 /* Photo+CoreDataProperties.swift */; };
		B197D5B01DEBCD660067F866 /* Photo.swift in Sources */ = {isa = PBXBuildFile; fileRef = B197D59A1DEBCD660067F866 /* Photo.swift */; };
		B197D5B11DEBCD660067F866 /* Customer+CoreDataProperties.swift in Sources */ = {isa = PBXBuildFile; fileRef = B197D59B1DEBCD660067F866 /* Customer+CoreDataProperties.swift */; };
		B197D5B21DEBCD660067F866 /* Customer.swift in Sources */ = {isa = PBXBuildFile; fileRef = B197D59C1DEBCD660067F866 /* Customer.swift */; };
		B197D5B31DEBCD660067F866 /* Product+CoreDataProperties.swift in Sources */ = {isa = PBXBuildFile; fileRef = B197D59D1DEBCD660067F866 /* Product+CoreDataProperties.swift */; };
		B197D5B41DEBCD660067F866 /* Product.swift in Sources */ = {isa = PBXBuildFile; fileRef = B197D59E1DEBCD660067F866 /* Product.swift */; };
		B197D5BA1DEBCF910067F866 /* CoreDataManager.swift in Sources */ = {isa = PBXBuildFile; fileRef = B197D5B91DEBCF910067F866 /* CoreDataManager.swift */; };
		B1A832131DEBDA5F00EC8080 /* ProductTypesTableViewController.swift in Sources */ = {isa = PBXBuildFile; fileRef = B1A832121DEBDA5F00EC8080 /* ProductTypesTableViewController.swift */; };
		B1A832151DEBDDF500EC8080 /* ProductTypeViewController.swift in Sources */ = {isa = PBXBuildFile; fileRef = B1A832141DEBDDF500EC8080 /* ProductTypeViewController.swift */; };
		B1C7757B1DED4AA900153BF3 /* Statistics1ViewController.swift in Sources */ = {isa = PBXBuildFile; fileRef = B1C7757A1DED4AA900153BF3 /* Statistics1ViewController.swift */; };
		B1C7757E1DED4AD900153BF3 /* Statistics2ViewController.swift in Sources */ = {isa = PBXBuildFile; fileRef = B1C7757C1DED4AD900153BF3 /* Statistics2ViewController.swift */; };
		B1C7757F1DED4AD900153BF3 /* Statistics3ViewController.swift in Sources */ = {isa = PBXBuildFile; fileRef = B1C7757D1DED4AD900153BF3 /* Statistics3ViewController.swift */; };
		B1E841B61DEC09C50071B7AC /* ProductsTableViewController.swift in Sources */ = {isa = PBXBuildFile; fileRef = B1E841B41DEC09C50071B7AC /* ProductsTableViewController.swift */; };
		B1EA31961DEBCB9400E8FDC2 /* AppDelegate.swift in Sources */ = {isa = PBXBuildFile; fileRef = B1EA31951DEBCB9400E8FDC2 /* AppDelegate.swift */; };
		B1EA31981DEBCB9400E8FDC2 /* ViewController.swift in Sources */ = {isa = PBXBuildFile; fileRef = B1EA31971DEBCB9400E8FDC2 /* ViewController.swift */; };
		B1EA319B1DEBCB9400E8FDC2 /* Main.storyboard in Resources */ = {isa = PBXBuildFile; fileRef = B1EA31991DEBCB9400E8FDC2 /* Main.storyboard */; };
		B1EA319E1DEBCB9400E8FDC2 /* JewelryTrader.xcdatamodeld in Sources */ = {isa = PBXBuildFile; fileRef = B1EA319C1DEBCB9400E8FDC2 /* JewelryTrader.xcdatamodeld */; };
		B1EA31A01DEBCB9400E8FDC2 /* Assets.xcassets in Resources */ = {isa = PBXBuildFile; fileRef = B1EA319F1DEBCB9400E8FDC2 /* Assets.xcassets */; };
		B1EA31A31DEBCB9400E8FDC2 /* LaunchScreen.storyboard in Resources */ = {isa = PBXBuildFile; fileRef = B1EA31A11DEBCB9400E8FDC2 /* LaunchScreen.storyboard */; };
		B1EF1A821DEBEA9B009CBFD2 /* MetalTypeTableViewController.swift in Sources */ = {isa = PBXBuildFile; fileRef = B1EF1A801DEBEA9B009CBFD2 /* MetalTypeTableViewController.swift */; };
		B1EF1A831DEBEA9B009CBFD2 /* MetalTypeViewController.swift in Sources */ = {isa = PBXBuildFile; fileRef = B1EF1A811DEBEA9B009CBFD2 /* MetalTypeViewController.swift */; };
/* End PBXBuildFile section */

/* Begin PBXFileReference section */
		B1108E361DECA935000FD126 /* InsertionsTableViewController.swift */ = {isa = PBXFileReference; fileEncoding = 4; lastKnownFileType = sourcecode.swift; path = InsertionsTableViewController.swift; sourceTree = "<group>"; };
		B1108E371DECA935000FD126 /* InsertionViewController.swift */ = {isa = PBXFileReference; fileEncoding = 4; lastKnownFileType = sourcecode.swift; path = InsertionViewController.swift; sourceTree = "<group>"; };
		B1108E3E1DECBFD9000FD126 /* SalesTableViewController.swift */ = {isa = PBXFileReference; fileEncoding = 4; lastKnownFileType = sourcecode.swift; path = SalesTableViewController.swift; sourceTree = "<group>"; };
		B1108E3F1DECBFD9000FD126 /* SaleViewController.swift */ = {isa = PBXFileReference; fileEncoding = 4; lastKnownFileType = sourcecode.swift; path = SaleViewController.swift; sourceTree = "<group>"; };
		B1108E421DECCA5D000FD126 /* ProductFilter.swift */ = {isa = PBXFileReference; fileEncoding = 4; lastKnownFileType = sourcecode.swift; path = ProductFilter.swift; sourceTree = "<group>"; };
		B12A7A881DECD6800036F2BE /* ProductViewController.swift */ = {isa = PBXFileReference; fileEncoding = 4; lastKnownFileType = sourcecode.swift; path = ProductViewController.swift; sourceTree = "<group>"; };
		B12A7A8E1DECE43E0036F2BE /* ProductFilterViewController.swift */ = {isa = PBXFileReference; fileEncoding = 4; lastKnownFileType = sourcecode.swift; path = ProductFilterViewController.swift; sourceTree = "<group>"; };
		B1311DF81DEBEF0D00ECAB4B /* MetalContentTableViewController.swift */ = {isa = PBXFileReference; fileEncoding = 4; lastKnownFileType = sourcecode.swift; path = MetalContentTableViewController.swift; sourceTree = "<group>"; };
		B1311DF91DEBEF0D00ECAB4B /* MetalContentViewController.swift */ = {isa = PBXFileReference; fileEncoding = 4; lastKnownFileType = sourcecode.swift; path = MetalContentViewController.swift; sourceTree = "<group>"; };
		B1311DFD1DEBF2A500ECAB4B /* ColorTableViewController.swift */ = {isa = PBXFileReference; fileEncoding = 4; lastKnownFileType = sourcecode.swift; path = ColorTableViewController.swift; sourceTree = "<group>"; };
		B1311DFE1DEBF2A500ECAB4B /* ColorViewController.swift */ = {isa = PBXFileReference; fileEncoding = 4; lastKnownFileType = sourcecode.swift; path = ColorViewController.swift; sourceTree = "<group>"; };
		B1311E071DEBF4C100ECAB4B /* InsertionTypeTableViewController.swift */ = {isa = PBXFileReference; fileEncoding = 4; lastKnownFileType = sourcecode.swift; path = InsertionTypeTableViewController.swift; sourceTree = "<group>"; };
		B1311E081DEBF4C100ECAB4B /* InsertionTypeViewController.swift */ = {isa = PBXFileReference; fileEncoding = 4; lastKnownFileType = sourcecode.swift; path = InsertionTypeViewController.swift; sourceTree = "<group>"; };
		B1311E151DEBF83E00ECAB4B /* ProvidersTableViewController.swift */ = {isa = PBXFileReference; fileEncoding = 4; lastKnownFileType = sourcecode.swift; path = ProvidersTableViewController.swift; sourceTree = "<group>"; };
		B1311E161DEBF83E00ECAB4B /* ProviderViewController.swift */ = {isa = PBXFileReference; fileEncoding = 4; lastKnownFileType = sourcecode.swift; path = ProviderViewController.swift; sourceTree = "<group>"; };
		B1311E191DEBFCEB00ECAB4B /* CustomersTableViewController.swift */ = {isa = PBXFileReference; fileEncoding = 4; lastKnownFileType = sourcecode.swift; path = CustomersTableViewController.swift; sourceTree = "<group>"; };
		B1311E1A1DEBFCEB00ECAB4B /* CustomerViewController.swift */ = {isa = PBXFileReference; fileEncoding = 4; lastKnownFileType = sourcecode.swift; path = CustomerViewController.swift; sourceTree = "<group>"; };
		B15427211DED54DD00585C14 /* SortableDictionaries.swift */ = {isa = PBXFileReference; fileEncoding = 4; lastKnownFileType = sourcecode.swift; path = SortableDictionaries.swift; sourceTree = "<group>"; };
		B197D5891DEBCD660067F866 /* ProductType+CoreDataProperties.swift */ = {isa = PBXFileReference; fileEncoding = 4; lastKnownFileType = sourcecode.swift; path = "ProductType+CoreDataProperties.swift"; sourceTree = "<group>"; };
		B197D58A1DEBCD660067F866 /* ProductType.swift */ = {isa = PBXFileReference; fileEncoding = 4; lastKnownFileType = sourcecode.swift; path = ProductType.swift; sourceTree = "<group>"; };
		B197D58B1DEBCD660067F866 /* MetalContent+CoreDataProperties.swift */ = {isa = PBXFileReference; fileEncoding = 4; lastKnownFileType = sourcecode.swift; path = "MetalContent+CoreDataProperties.swift"; sourceTree = "<group>"; };
		B197D58C1DEBCD660067F866 /* MetalContent.swift */ = {isa = PBXFileReference; fileEncoding = 4; lastKnownFileType = sourcecode.swift; path = MetalContent.swift; sourceTree = "<group>"; };
		B197D58D1DEBCD660067F866 /* Provider+CoreDataProperties.swift */ = {isa = PBXFileReference; fileEncoding = 4; lastKnownFileType = sourcecode.swift; path = "Provider+CoreDataProperties.swift"; sourceTree = "<group>"; };
		B197D58E1DEBCD660067F866 /* Provider.swift */ = {isa = PBXFileReference; fileEncoding = 4; lastKnownFileType = sourcecode.swift; path = Provider.swift; sourceTree = "<group>"; };
		B197D58F1DEBCD660067F866 /* Color+CoreDataProperties.swift */ = {isa = PBXFileReference; fileEncoding = 4; lastKnownFileType = sourcecode.swift; path = "Color+CoreDataProperties.swift"; sourceTree = "<group>"; };
		B197D5901DEBCD660067F866 /* Color.swift */ = {isa = PBXFileReference; fileEncoding = 4; lastKnownFileType = sourcecode.swift; path = Color.swift; sourceTree = "<group>"; };
		B197D5911DEBCD660067F866 /* Sale+CoreDataProperties.swift */ = {isa = PBXFileReference; fileEncoding = 4; lastKnownFileType = sourcecode.swift; path = "Sale+CoreDataProperties.swift"; sourceTree = "<group>"; };
		B197D5921DEBCD660067F866 /* Sale.swift */ = {isa = PBXFileReference; fileEncoding = 4; lastKnownFileType = sourcecode.swift; path = Sale.swift; sourceTree = "<group>"; };
		B197D5931DEBCD660067F866 /* Insertion+CoreDataProperties.swift */ = {isa = PBXFileReference; fileEncoding = 4; lastKnownFileType = sourcecode.swift; path = "Insertion+CoreDataProperties.swift"; sourceTree = "<group>"; };
		B197D5941DEBCD660067F866 /* Insertion.swift */ = {isa = PBXFileReference; fileEncoding = 4; lastKnownFileType = sourcecode.swift; path = Insertion.swift; sourceTree = "<group>"; };
		B197D5951DEBCD660067F866 /* InsertionType+CoreDataProperties.swift */ = {isa = PBXFileReference; fileEncoding = 4; lastKnownFileType = sourcecode.swift; path = "InsertionType+CoreDataProperties.swift"; sourceTree = "<group>"; };
		B197D5961DEBCD660067F866 /* InsertionType.swift */ = {isa = PBXFileReference; fileEncoding = 4; lastKnownFileType = sourcecode.swift; path = InsertionType.swift; sourceTree = "<group>"; };
		B197D5971DEBCD660067F866 /* MetalType+CoreDataProperties.swift */ = {isa = PBXFileReference; fileEncoding = 4; lastKnownFileType = sourcecode.swift; path = "MetalType+CoreDataProperties.swift"; sourceTree = "<group>"; };
		B197D5981DEBCD660067F866 /* MetalType.swift */ = {isa = PBXFileReference; fileEncoding = 4; lastKnownFileType = sourcecode.swift; path = MetalType.swift; sourceTree = "<group>"; };
		B197D5991DEBCD660067F866 /* Photo+CoreDataProperties.swift */ = {isa = PBXFileReference; fileEncoding = 4; lastKnownFileType = sourcecode.swift; path = "Photo+CoreDataProperties.swift"; sourceTree = "<group>"; };
		B197D59A1DEBCD660067F866 /* Photo.swift */ = {isa = PBXFileReference; fileEncoding = 4; lastKnownFileType = sourcecode.swift; path = Photo.swift; sourceTree = "<group>"; };
		B197D59B1DEBCD660067F866 /* Customer+CoreDataProperties.swift */ = {isa = PBXFileReference; fileEncoding = 4; lastKnownFileType = sourcecode.swift; path = "Customer+CoreDataProperties.swift"; sourceTree = "<group>"; };
		B197D59C1DEBCD660067F866 /* Customer.swift */ = {isa = PBXFileReference; fileEncoding = 4; lastKnownFileType = sourcecode.swift; path = Customer.swift; sourceTree = "<group>"; };
		B197D59D1DEBCD660067F866 /* Product+CoreDataProperties.swift */ = {isa = PBXFileReference; fileEncoding = 4; lastKnownFileType = sourcecode.swift; path = "Product+CoreDataProperties.swift"; sourceTree = "<group>"; };
		B197D59E1DEBCD660067F866 /* Product.swift */ = {isa = PBXFileReference; fileEncoding = 4; lastKnownFileType = sourcecode.swift; path = Product.swift; sourceTree = "<group>"; };
		B197D5B91DEBCF910067F866 /* CoreDataManager.swift */ = {isa = PBXFileReference; fileEncoding = 4; lastKnownFileType = sourcecode.swift; path = CoreDataManager.swift; sourceTree = "<group>"; };
		B1A832121DEBDA5F00EC8080 /* ProductTypesTableViewController.swift */ = {isa = PBXFileReference; fileEncoding = 4; lastKnownFileType = sourcecode.swift; path = ProductTypesTableViewController.swift; sourceTree = "<group>"; };
		B1A832141DEBDDF500EC8080 /* ProductTypeViewController.swift */ = {isa = PBXFileReference; fileEncoding = 4; lastKnownFileType = sourcecode.swift; path = ProductTypeViewController.swift; sourceTree = "<group>"; };
		B1C7757A1DED4AA900153BF3 /* Statistics1ViewController.swift */ = {isa = PBXFileReference; fileEncoding = 4; lastKnownFileType = sourcecode.swift; path = Statistics1ViewController.swift; sourceTree = "<group>"; };
		B1C7757C1DED4AD900153BF3 /* Statistics2ViewController.swift */ = {isa = PBXFileReference; fileEncoding = 4; lastKnownFileType = sourcecode.swift; path = Statistics2ViewController.swift; sourceTree = "<group>"; };
		B1C7757D1DED4AD900153BF3 /* Statistics3ViewController.swift */ = {isa = PBXFileReference; fileEncoding = 4; lastKnownFileType = sourcecode.swift; path = Statistics3ViewController.swift; sourceTree = "<group>"; };
		B1E841B41DEC09C50071B7AC /* ProductsTableViewController.swift */ = {isa = PBXFileReference; fileEncoding = 4; lastKnownFileType = sourcecode.swift; path = ProductsTableViewController.swift; sourceTree = "<group>"; };
		B1EA31921DEBCB9400E8FDC2 /* JewelryTrader.app */ = {isa = PBXFileReference; explicitFileType = wrapper.application; includeInIndex = 0; path = JewelryTrader.app; sourceTree = BUILT_PRODUCTS_DIR; };
		B1EA31951DEBCB9400E8FDC2 /* AppDelegate.swift */ = {isa = PBXFileReference; lastKnownFileType = sourcecode.swift; path = AppDelegate.swift; sourceTree = "<group>"; };
		B1EA31971DEBCB9400E8FDC2 /* ViewController.swift */ = {isa = PBXFileReference; lastKnownFileType = sourcecode.swift; path = ViewController.swift; sourceTree = "<group>"; };
		B1EA319A1DEBCB9400E8FDC2 /* Base */ = {isa = PBXFileReference; lastKnownFileType = file.storyboard; name = Base; path = Base.lproj/Main.storyboard; sourceTree = "<group>"; };
		B1EA319D1DEBCB9400E8FDC2 /* JewelryTrader.xcdatamodel */ = {isa = PBXFileReference; lastKnownFileType = wrapper.xcdatamodel; path = JewelryTrader.xcdatamodel; sourceTree = "<group>"; };
		B1EA319F1DEBCB9400E8FDC2 /* Assets.xcassets */ = {isa = PBXFileReference; lastKnownFileType = folder.assetcatalog; path = Assets.xcassets; sourceTree = "<group>"; };
		B1EA31A21DEBCB9400E8FDC2 /* Base */ = {isa = PBXFileReference; lastKnownFileType = file.storyboard; name = Base; path = Base.lproj/LaunchScreen.storyboard; sourceTree = "<group>"; };
		B1EA31A41DEBCB9400E8FDC2 /* Info.plist */ = {isa = PBXFileReference; lastKnownFileType = text.plist.xml; path = Info.plist; sourceTree = "<group>"; };
		B1EF1A801DEBEA9B009CBFD2 /* MetalTypeTableViewController.swift */ = {isa = PBXFileReference; fileEncoding = 4; lastKnownFileType = sourcecode.swift; path = MetalTypeTableViewController.swift; sourceTree = "<group>"; };
		B1EF1A811DEBEA9B009CBFD2 /* MetalTypeViewController.swift */ = {isa = PBXFileReference; fileEncoding = 4; lastKnownFileType = sourcecode.swift; path = MetalTypeViewController.swift; sourceTree = "<group>"; };
/* End PBXFileReference section */

/* Begin PBXFrameworksBuildPhase section */
		B1EA318F1DEBCB9400E8FDC2 /* Frameworks */ = {
			isa = PBXFrameworksBuildPhase;
			buildActionMask = 2147483647;
			files = (
			);
			runOnlyForDeploymentPostprocessing = 0;
		};
/* End PBXFrameworksBuildPhase section */

/* Begin PBXGroup section */
		B12A7A901DECF0F70036F2BE /* Insertions */ = {
			isa = PBXGroup;
			children = (
				B1108E361DECA935000FD126 /* InsertionsTableViewController.swift */,
				B1108E371DECA935000FD126 /* InsertionViewController.swift */,
			);
			name = Insertions;
			sourceTree = "<group>";
		};
		B1311DFC1DEBEF1000ECAB4B /* MetalContent */ = {
			isa = PBXGroup;
			children = (
				B1311DF81DEBEF0D00ECAB4B /* MetalContentTableViewController.swift */,
				B1311DF91DEBEF0D00ECAB4B /* MetalContentViewController.swift */,
			);
			name = MetalContent;
			sourceTree = "<group>";
		};
		B1311E051DEBF2B700ECAB4B /* Color */ = {
			isa = PBXGroup;
			children = (
				B1311DFD1DEBF2A500ECAB4B /* ColorTableViewController.swift */,
				B1311DFE1DEBF2A500ECAB4B /* ColorViewController.swift */,
			);
			name = Color;
			sourceTree = "<group>";
		};
		B1311E061DEBF2BE00ECAB4B /* InsertionType */ = {
			isa = PBXGroup;
			children = (
				B1311E071DEBF4C100ECAB4B /* InsertionTypeTableViewController.swift */,
				B1311E081DEBF4C100ECAB4B /* InsertionTypeViewController.swift */,
			);
			name = InsertionType;
			sourceTree = "<group>";
		};
		B1311E0B1DEBF78D00ECAB4B /* Warehouse */ = {
			isa = PBXGroup;
			children = (
				B1311E0F1DEBF7CE00ECAB4B /* Providers */,
				B1311E0E1DEBF7C100ECAB4B /* Products */,
			);
			name = Warehouse;
			sourceTree = "<group>";
		};
		B1311E0D1DEBF7AA00ECAB4B /* Statistics */ = {
			isa = PBXGroup;
			children = (
				B1C7757A1DED4AA900153BF3 /* Statistics1ViewController.swift */,
				B1C7757C1DED4AD900153BF3 /* Statistics2ViewController.swift */,
				B1C7757D1DED4AD900153BF3 /* Statistics3ViewController.swift */,
				B15427211DED54DD00585C14 /* SortableDictionaries.swift */,
			);
			name = Statistics;
			sourceTree = "<group>";
		};
		B1311E0E1DEBF7C100ECAB4B /* Products */ = {
			isa = PBXGroup;
			children = (
				B12A7A881DECD6800036F2BE /* ProductViewController.swift */,
				B1E841B41DEC09C50071B7AC /* ProductsTableViewController.swift */,
				B12A7A8E1DECE43E0036F2BE /* ProductFilterViewController.swift */,
				B12A7A901DECF0F70036F2BE /* Insertions */,
			);
			name = Products;
			sourceTree = "<group>";
		};
		B1311E0F1DEBF7CE00ECAB4B /* Providers */ = {
			isa = PBXGroup;
			children = (
				B1311E151DEBF83E00ECAB4B /* ProvidersTableViewController.swift */,
				B1311E161DEBF83E00ECAB4B /* ProviderViewController.swift */,
			);
			name = Providers;
			sourceTree = "<group>";
		};
		B1311E121DEBF7EB00ECAB4B /* Sales */ = {
			isa = PBXGroup;
			children = (
				B1108E3E1DECBFD9000FD126 /* SalesTableViewController.swift */,
				B1108E3F1DECBFD9000FD126 /* SaleViewController.swift */,
			);
			name = Sales;
			sourceTree = "<group>";
		};
		B1311E131DEBF7F300ECAB4B /* Customers */ = {
			isa = PBXGroup;
			children = (
				B1311E191DEBFCEB00ECAB4B /* CustomersTableViewController.swift */,
				B1311E1A1DEBFCEB00ECAB4B /* CustomerViewController.swift */,
			);
			name = Customers;
			sourceTree = "<group>";
		};
		B1311E141DEBF7FA00ECAB4B /* Shop */ = {
			isa = PBXGroup;
			children = (
				B1311E131DEBF7F300ECAB4B /* Customers */,
				B1311E121DEBF7EB00ECAB4B /* Sales */,
			);
			name = Shop;
			sourceTree = "<group>";
		};
		B197D5B51DEBCD790067F866 /* Model + Storage */ = {
			isa = PBXGroup;
			children = (
				B197D5891DEBCD660067F866 /* ProductType+CoreDataProperties.swift */,
				B197D58B1DEBCD660067F866 /* MetalContent+CoreDataProperties.swift */,
				B197D58D1DEBCD660067F866 /* Provider+CoreDataProperties.swift */,
				B197D58F1DEBCD660067F866 /* Color+CoreDataProperties.swift */,
				B197D5911DEBCD660067F866 /* Sale+CoreDataProperties.swift */,
				B197D5931DEBCD660067F866 /* Insertion+CoreDataProperties.swift */,
				B197D5951DEBCD660067F866 /* InsertionType+CoreDataProperties.swift */,
				B197D5971DEBCD660067F866 /* MetalType+CoreDataProperties.swift */,
				B197D5991DEBCD660067F866 /* Photo+CoreDataProperties.swift */,
				B197D59B1DEBCD660067F866 /* Customer+CoreDataProperties.swift */,
				B197D59D1DEBCD660067F866 /* Product+CoreDataProperties.swift */,
			);
			name = "Model + Storage";
			sourceTree = "<group>";
		};
		B197D5B61DEBCD8E0067F866 /* Model */ = {
			isa = PBXGroup;
			children = (
				B197D58A1DEBCD660067F866 /* ProductType.swift */,
				B197D58C1DEBCD660067F866 /* MetalContent.swift */,
				B197D58E1DEBCD660067F866 /* Provider.swift */,
				B197D5901DEBCD660067F866 /* Color.swift */,
				B197D5921DEBCD660067F866 /* Sale.swift */,
				B197D5941DEBCD660067F866 /* Insertion.swift */,
				B197D5961DEBCD660067F866 /* InsertionType.swift */,
				B197D5981DEBCD660067F866 /* MetalType.swift */,
				B197D59A1DEBCD660067F866 /* Photo.swift */,
				B197D59C1DEBCD660067F866 /* Customer.swift */,
				B197D59E1DEBCD660067F866 /* Product.swift */,
				B1108E421DECCA5D000FD126 /* ProductFilter.swift */,
			);
			name = Model;
			sourceTree = "<group>";
		};
		B197D5B71DEBCD9E0067F866 /* Supporting files */ = {
			isa = PBXGroup;
			children = (
				B1EA31951DEBCB9400E8FDC2 /* AppDelegate.swift */,
				B1EA319F1DEBCB9400E8FDC2 /* Assets.xcassets */,
				B1EA31A11DEBCB9400E8FDC2 /* LaunchScreen.storyboard */,
				B1EA31A41DEBCB9400E8FDC2 /* Info.plist */,
			);
			name = "Supporting files";
			sourceTree = "<group>";
		};
		B197D5B81DEBCDAB0067F866 /* Storage */ = {
			isa = PBXGroup;
			children = (
				B197D5B51DEBCD790067F866 /* Model + Storage */,
				B1EA319C1DEBCB9400E8FDC2 /* JewelryTrader.xcdatamodeld */,
				B197D5B91DEBCF910067F866 /* CoreDataManager.swift */,
			);
			name = Storage;
			sourceTree = "<group>";
		};
		B1EA31891DEBCB9400E8FDC2 = {
			isa = PBXGroup;
			children = (
				B1EA31941DEBCB9400E8FDC2 /* JewelryTrader */,
				B1EA31931DEBCB9400E8FDC2 /* Products */,
			);
			sourceTree = "<group>";
		};
		B1EA31931DEBCB9400E8FDC2 /* Products */ = {
			isa = PBXGroup;
			children = (
				B1EA31921DEBCB9400E8FDC2 /* JewelryTrader.app */,
			);
			name = Products;
			sourceTree = "<group>";
		};
		B1EA31941DEBCB9400E8FDC2 /* JewelryTrader */ = {
			isa = PBXGroup;
			children = (
				B197D5B81DEBCDAB0067F866 /* Storage */,
				B197D5B61DEBCD8E0067F866 /* Model */,
				B197D5B71DEBCD9E0067F866 /* Supporting files */,
				B1EA31971DEBCB9400E8FDC2 /* ViewController.swift */,
				B1EA31991DEBCB9400E8FDC2 /* Main.storyboard */,
				B1EF1A7F1DEBE9C5009CBFD2 /* Presentation */,
			);
			path = JewelryTrader;
			sourceTree = "<group>";
		};
		B1EF1A7D1DEBE9B4009CBFD2 /* ProductType */ = {
			isa = PBXGroup;
			children = (
				B1A832121DEBDA5F00EC8080 /* ProductTypesTableViewController.swift */,
				B1A832141DEBDDF500EC8080 /* ProductTypeViewController.swift */,
			);
			name = ProductType;
			sourceTree = "<group>";
		};
		B1EF1A7E1DEBE9BF009CBFD2 /* Settings */ = {
			isa = PBXGroup;
			children = (
				B1311E051DEBF2B700ECAB4B /* Color */,
				B1311E061DEBF2BE00ECAB4B /* InsertionType */,
				B1311DFC1DEBEF1000ECAB4B /* MetalContent */,
				B1EF1A841DEBEAA0009CBFD2 /* MetalType */,
				B1EF1A7D1DEBE9B4009CBFD2 /* ProductType */,
			);
			name = Settings;
			sourceTree = "<group>";
		};
		B1EF1A7F1DEBE9C5009CBFD2 /* Presentation */ = {
			isa = PBXGroup;
			children = (
				B1311E0B1DEBF78D00ECAB4B /* Warehouse */,
				B1311E141DEBF7FA00ECAB4B /* Shop */,
				B1311E0D1DEBF7AA00ECAB4B /* Statistics */,
				B1EF1A7E1DEBE9BF009CBFD2 /* Settings */,
			);
			name = Presentation;
			sourceTree = "<group>";
		};
		B1EF1A841DEBEAA0009CBFD2 /* MetalType */ = {
			isa = PBXGroup;
			children = (
				B1EF1A801DEBEA9B009CBFD2 /* MetalTypeTableViewController.swift */,
				B1EF1A811DEBEA9B009CBFD2 /* MetalTypeViewController.swift */,
			);
			name = MetalType;
			sourceTree = "<group>";
		};
/* End PBXGroup section */

/* Begin PBXNativeTarget section */
		B1EA31911DEBCB9400E8FDC2 /* JewelryTrader */ = {
			isa = PBXNativeTarget;
			buildConfigurationList = B1EA31A71DEBCB9400E8FDC2 /* Build configuration list for PBXNativeTarget "JewelryTrader" */;
			buildPhases = (
				B1EA318E1DEBCB9400E8FDC2 /* Sources */,
				B1EA318F1DEBCB9400E8FDC2 /* Frameworks */,
				B1EA31901DEBCB9400E8FDC2 /* Resources */,
			);
			buildRules = (
			);
			dependencies = (
			);
			name = JewelryTrader;
			productName = JewelryTrader;
			productReference = B1EA31921DEBCB9400E8FDC2 /* JewelryTrader.app */;
			productType = "com.apple.product-type.application";
		};
/* End PBXNativeTarget section */

/* Begin PBXProject section */
		B1EA318A1DEBCB9400E8FDC2 /* Project object */ = {
			isa = PBXProject;
			attributes = {
				LastSwiftUpdateCheck = 0730;
				LastUpgradeCheck = 0730;
				ORGANIZATIONNAME = "Daniel Slupskiy";
				TargetAttributes = {
					B1EA31911DEBCB9400E8FDC2 = {
						CreatedOnToolsVersion = 7.3.1;
						DevelopmentTeam = BD5CJ8U5EG;
					};
				};
			};
			buildConfigurationList = B1EA318D1DEBCB9400E8FDC2 /* Build configuration list for PBXProject "JewelryTrader" */;
			compatibilityVersion = "Xcode 3.2";
			developmentRegion = English;
			hasScannedForEncodings = 0;
			knownRegions = (
				en,
				Base,
			);
			mainGroup = B1EA31891DEBCB9400E8FDC2;
			productRefGroup = B1EA31931DEBCB9400E8FDC2 /* Products */;
			projectDirPath = "";
			projectRoot = "";
			targets = (
				B1EA31911DEBCB9400E8FDC2 /* JewelryTrader */,
			);
		};
/* End PBXProject section */

/* Begin PBXResourcesBuildPhase section */
		B1EA31901DEBCB9400E8FDC2 /* Resources */ = {
			isa = PBXResourcesBuildPhase;
			buildActionMask = 2147483647;
			files = (
				B1EA31A31DEBCB9400E8FDC2 /* LaunchScreen.storyboard in Resources */,
				B1EA31A01DEBCB9400E8FDC2 /* Assets.xcassets in Resources */,
				B1EA319B1DEBCB9400E8FDC2 /* Main.storyboard in Resources */,
			);
			runOnlyForDeploymentPostprocessing = 0;
		};
/* End PBXResourcesBuildPhase section */

/* Begin PBXSourcesBuildPhase section */
		B1EA318E1DEBCB9400E8FDC2 /* Sources */ = {
			isa = PBXSourcesBuildPhase;
			buildActionMask = 2147483647;
			files = (
				B1311E0A1DEBF4C100ECAB4B /* InsertionTypeViewController.swift in Sources */,
				B197D5B01DEBCD660067F866 /* Photo.swift in Sources */,
				B1108E411DECBFD9000FD126 /* SaleViewController.swift in Sources */,
				B1C7757B1DED4AA900153BF3 /* Statistics1ViewController.swift in Sources */,
				B197D5B11DEBCD660067F866 /* Customer+CoreDataProperties.swift in Sources */,
				B1EF1A831DEBEA9B009CBFD2 /* MetalTypeViewController.swift in Sources */,
				B197D5A71DEBCD660067F866 /* Sale+CoreDataProperties.swift in Sources */,
				B15427221DED54DD00585C14 /* SortableDictionaries.swift in Sources */,
				B12A7A891DECD6800036F2BE /* ProductViewController.swift in Sources */,
				B197D5AA1DEBCD660067F866 /* Insertion.swift in Sources */,
				B1311E1B1DEBFCEB00ECAB4B /* CustomersTableViewController.swift in Sources */,
				B1108E431DECCA5D000FD126 /* ProductFilter.swift in Sources */,
				B1EF1A821DEBEA9B009CBFD2 /* MetalTypeTableViewController.swift in Sources */,
				B197D5AC1DEBCD660067F866 /* InsertionType.swift in Sources */,
				B197D5B21DEBCD660067F866 /* Customer.swift in Sources */,
				B1108E391DECA935000FD126 /* InsertionViewController.swift in Sources */,
				B197D5A21DEBCD660067F866 /* MetalContent.swift in Sources */,
				B197D5B41DEBCD660067F866 /* Product.swift in Sources */,
				B1311E181DEBF83E00ECAB4B /* ProviderViewController.swift in Sources */,
				B197D5A81DEBCD660067F866 /* Sale.swift in Sources */,
				B197D5A01DEBCD660067F866 /* ProductType.swift in Sources */,
				B197D5A61DEBCD660067F866 /* Color.swift in Sources */,
				B1EA31981DEBCB9400E8FDC2 /* ViewController.swift in Sources */,
				B197D5A51DEBCD660067F866 /* Color+CoreDataProperties.swift in Sources */,
				B1311DFA1DEBEF0D00ECAB4B /* MetalContentTableViewController.swift in Sources */,
				B1108E381DECA935000FD126 /* InsertionsTableViewController.swift in Sources */,
				B1311DFB1DEBEF0D00ECAB4B /* MetalContentViewController.swift in Sources */,
				B1A832131DEBDA5F00EC8080 /* ProductTypesTableViewController.swift in Sources */,
				B197D59F1DEBCD660067F866 /* ProductType+CoreDataProperties.swift in Sources */,
				B1E841B61DEC09C50071B7AC /* ProductsTableViewController.swift in Sources */,
				B197D5AB1DEBCD660067F866 /* InsertionType+CoreDataProperties.swift in Sources */,
				B1311E091DEBF4C100ECAB4B /* InsertionTypeTableViewController.swift in Sources */,
				B1311E011DEBF2A500ECAB4B /* ColorTableViewController.swift in Sources */,
				B1A832151DEBDDF500EC8080 /* ProductTypeViewController.swift in Sources */,
				B1311E171DEBF83E00ECAB4B /* ProvidersTableViewController.swift in Sources */,
				B1C7757F1DED4AD900153BF3 /* Statistics3ViewController.swift in Sources */,
				B197D5B31DEBCD660067F866 /* Product+CoreDataProperties.swift in Sources */,
				B197D5A41DEBCD660067F866 /* Provider.swift in Sources */,
				B197D5AE1DEBCD660067F866 /* MetalType.swift in Sources */,
				B1C7757E1DED4AD900153BF3 /* Statistics2ViewController.swift in Sources */,
				B1108E401DECBFD9000FD126 /* SalesTableViewController.swift in Sources */,
				B1EA319E1DEBCB9400E8FDC2 /* JewelryTrader.xcdatamodeld in Sources */,
				B1EA31961DEBCB9400E8FDC2 /* AppDelegate.swift in Sources */,
				B1311E1C1DEBFCEB00ECAB4B /* CustomerViewController.swift in Sources */,
				B197D5BA1DEBCF910067F866 /* CoreDataManager.swift in Sources */,
				B197D5A31DEBCD660067F866 /* Provider+CoreDataProperties.swift in Sources */,
				B197D5AD1DEBCD660067F866 /* MetalType+CoreDataProperties.swift in Sources */,
				B12A7A8F1DECE43E0036F2BE /* ProductFilterViewController.swift in Sources */,
				B1311E021DEBF2A500ECAB4B /* ColorViewController.swift in Sources */,
				B197D5A11DEBCD660067F866 /* MetalContent+CoreDataProperties.swift in Sources */,
				B197D5AF1DEBCD660067F866 /* Photo+CoreDataProperties.swift in Sources */,
				B197D5A91DEBCD660067F866 /* Insertion+CoreDataProperties.swift in Sources */,
			);
			runOnlyForDeploymentPostprocessing = 0;
		};
/* End PBXSourcesBuildPhase section */

/* Begin PBXVariantGroup section */
		B1EA31991DEBCB9400E8FDC2 /* Main.storyboard */ = {
			isa = PBXVariantGroup;
			children = (
				B1EA319A1DEBCB9400E8FDC2 /* Base */,
			);
			name = Main.storyboard;
			sourceTree = "<group>";
		};
		B1EA31A11DEBCB9400E8FDC2 /* LaunchScreen.storyboard */ = {
			isa = PBXVariantGroup;
			children = (
				B1EA31A21DEBCB9400E8FDC2 /* Base */,
			);
			name = LaunchScreen.storyboard;
			sourceTree = "<group>";
		};
/* End PBXVariantGroup section */

/* Begin XCBuildConfiguration section */
		B1EA31A51DEBCB9400E8FDC2 /* Debug */ = {
			isa = XCBuildConfiguration;
			buildSettings = {
				ALWAYS_SEARCH_USER_PATHS = NO;
				CLANG_ANALYZER_NONNULL = YES;
				CLANG_CXX_LANGUAGE_STANDARD = "gnu++0x";
				CLANG_CXX_LIBRARY = "libc++";
				CLANG_ENABLE_MODULES = YES;
				CLANG_ENABLE_OBJC_ARC = YES;
				CLANG_WARN_BOOL_CONVERSION = YES;
				CLANG_WARN_CONSTANT_CONVERSION = YES;
				CLANG_WARN_DIRECT_OBJC_ISA_USAGE = YES_ERROR;
				CLANG_WARN_EMPTY_BODY = YES;
				CLANG_WARN_ENUM_CONVERSION = YES;
				CLANG_WARN_INT_CONVERSION = YES;
				CLANG_WARN_OBJC_ROOT_CLASS = YES_ERROR;
				CLANG_WARN_UNREACHABLE_CODE = YES;
				CLANG_WARN__DUPLICATE_METHOD_MATCH = YES;
				"CODE_SIGN_IDENTITY[sdk=iphoneos*]" = "iPhone Developer";
				COPY_PHASE_STRIP = NO;
				DEBUG_INFORMATION_FORMAT = dwarf;
				ENABLE_STRICT_OBJC_MSGSEND = YES;
				ENABLE_TESTABILITY = YES;
				GCC_C_LANGUAGE_STANDARD = gnu99;
				GCC_DYNAMIC_NO_PIC = NO;
				GCC_NO_COMMON_BLOCKS = YES;
				GCC_OPTIMIZATION_LEVEL = 0;
				GCC_PREPROCESSOR_DEFINITIONS = (
					"DEBUG=1",
					"$(inherited)",
				);
				GCC_WARN_64_TO_32_BIT_CONVERSION = YES;
				GCC_WARN_ABOUT_RETURN_TYPE = YES_ERROR;
				GCC_WARN_UNDECLARED_SELECTOR = YES;
				GCC_WARN_UNINITIALIZED_AUTOS = YES_AGGRESSIVE;
				GCC_WARN_UNUSED_FUNCTION = YES;
				GCC_WARN_UNUSED_VARIABLE = YES;
				IPHONEOS_DEPLOYMENT_TARGET = 9.3;
				MTL_ENABLE_DEBUG_INFO = YES;
				ONLY_ACTIVE_ARCH = YES;
				SDKROOT = iphoneos;
				SWIFT_OPTIMIZATION_LEVEL = "-Onone";
				TARGETED_DEVICE_FAMILY = "1,2";
			};
			name = Debug;
		};
		B1EA31A61DEBCB9400E8FDC2 /* Release */ = {
			isa = XCBuildConfiguration;
			buildSettings = {
				ALWAYS_SEARCH_USER_PATHS = NO;
				CLANG_ANALYZER_NONNULL = YES;
				CLANG_CXX_LANGUAGE_STANDARD = "gnu++0x";
				CLANG_CXX_LIBRARY = "libc++";
				CLANG_ENABLE_MODULES = YES;
				CLANG_ENABLE_OBJC_ARC = YES;
				CLANG_WARN_BOOL_CONVERSION = YES;
				CLANG_WARN_CONSTANT_CONVERSION = YES;
				CLANG_WARN_DIRECT_OBJC_ISA_USAGE = YES_ERROR;
				CLANG_WARN_EMPTY_BODY = YES;
				CLANG_WARN_ENUM_CONVERSION = YES;
				CLANG_WARN_INT_CONVERSION = YES;
				CLANG_WARN_OBJC_ROOT_CLASS = YES_ERROR;
				CLANG_WARN_UNREACHABLE_CODE = YES;
				CLANG_WARN__DUPLICATE_METHOD_MATCH = YES;
				"CODE_SIGN_IDENTITY[sdk=iphoneos*]" = "iPhone Developer";
				COPY_PHASE_STRIP = NO;
				DEBUG_INFORMATION_FORMAT = "dwarf-with-dsym";
				ENABLE_NS_ASSERTIONS = NO;
				ENABLE_STRICT_OBJC_MSGSEND = YES;
				GCC_C_LANGUAGE_STANDARD = gnu99;
				GCC_NO_COMMON_BLOCKS = YES;
				GCC_WARN_64_TO_32_BIT_CONVERSION = YES;
				GCC_WARN_ABOUT_RETURN_TYPE = YES_ERROR;
				GCC_WARN_UNDECLARED_SELECTOR = YES;
				GCC_WARN_UNINITIALIZED_AUTOS = YES_AGGRESSIVE;
				GCC_WARN_UNUSED_FUNCTION = YES;
				GCC_WARN_UNUSED_VARIABLE = YES;
				IPHONEOS_DEPLOYMENT_TARGET = 9.3;
				MTL_ENABLE_DEBUG_INFO = NO;
				SDKROOT = iphoneos;
				TARGETED_DEVICE_FAMILY = "1,2";
				VALIDATE_PRODUCT = YES;
			};
			name = Release;
		};
		B1EA31A81DEBCB9400E8FDC2 /* Debug */ = {
			isa = XCBuildConfiguration;
			buildSettings = {
				ASSETCATALOG_COMPILER_APPICON_NAME = AppIcon;
				CODE_SIGN_IDENTITY = "iPhone Developer";
				INFOPLIST_FILE = JewelryTrader/Info.plist;
				IPHONEOS_DEPLOYMENT_TARGET = 8.0;
				LD_RUNPATH_SEARCH_PATHS = "$(inherited) @executable_path/Frameworks";
				PRODUCT_BUNDLE_IDENTIFIER = dos.JewelryTrader;
				PRODUCT_NAME = "$(TARGET_NAME)";
			};
			name = Debug;
		};
		B1EA31A91DEBCB9400E8FDC2 /* Release */ = {
			isa = XCBuildConfiguration;
			buildSettings = {
				ASSETCATALOG_COMPILER_APPICON_NAME = AppIcon;
				CODE_SIGN_IDENTITY = "iPhone Developer";
				INFOPLIST_FILE = JewelryTrader/Info.plist;
				IPHONEOS_DEPLOYMENT_TARGET = 8.0;
				LD_RUNPATH_SEARCH_PATHS = "$(inherited) @executable_path/Frameworks";
				PRODUCT_BUNDLE_IDENTIFIER = dos.JewelryTrader;
				PRODUCT_NAME = "$(TARGET_NAME)";
			};
			name = Release;
		};
/* End XCBuildConfiguration section */

/* Begin XCConfigurationList section */
		B1EA318D1DEBCB9400E8FDC2 /* Build configuration list for PBXProject "JewelryTrader" */ = {
			isa = XCConfigurationList;
			buildConfigurations = (
				B1EA31A51DEBCB9400E8FDC2 /* Debug */,
				B1EA31A61DEBCB9400E8FDC2 /* Release */,
			);
			defaultConfigurationIsVisible = 0;
			defaultConfigurationName = Release;
		};
		B1EA31A71DEBCB9400E8FDC2 /* Build configuration list for PBXNativeTarget "JewelryTrader" */ = {
			isa = XCConfigurationList;
			buildConfigurations = (
				B1EA31A81DEBCB9400E8FDC2 /* Debug */,
				B1EA31A91DEBCB9400E8FDC2 /* Release */,
			);
			defaultConfigurationIsVisible = 0;
			defaultConfigurationName = Release;
		};
/* End XCConfigurationList section */

/* Begin XCVersionGroup section */
		B1EA319C1DEBCB9400E8FDC2 /* JewelryTrader.xcdatamodeld */ = {
			isa = XCVersionGroup;
			children = (
				B1EA319D1DEBCB9400E8FDC2 /* JewelryTrader.xcdatamodel */,
			);
			currentVersion = B1EA319D1DEBCB9400E8FDC2 /* JewelryTrader.xcdatamodel */;
			path = JewelryTrader.xcdatamodeld;
			sourceTree = "<group>";
			versionGroupType = wrapper.xcdatamodel;
		};
/* End XCVersionGroup section */
	};
	rootObject = B1EA318A1DEBCB9400E8FDC2 /* Project object */;
}
